
Microsoft Visual Studio Solution File, Format Version 12.00
# Visual Studio 15
VisualStudioVersion = 15.0.28307.1259
MinimumVisualStudioVersion = 10.0.40219.1
Project("{FAE04EC0-301F-11D3-BF4B-00C04F79EFBC}") = "Factory", "Factory\Factory.csproj", "{02D467E9-7A57-40E8-BC6E-E5349894502E}"
EndProject
Project("{FAE04EC0-301F-11D3-BF4B-00C04F79EFBC}") = "Singleton", "Singleton\Singleton.csproj", "{0846C613-9BB1-4659-8A2E-5E1885C34EFF}"
EndProject
Project("{FAE04EC0-301F-11D3-BF4B-00C04F79EFBC}") = "Strategy", "Strategy\Strategy.csproj", "{0879A43A-70E3-4FFF-BF60-8C976EC6AC7B}"
EndProject
Project("{FAE04EC0-301F-11D3-BF4B-00C04F79EFBC}") = "Observer", "Observer\Observer.csproj", "{F2CAD2FC-5689-4D8F-A9C3-1A2D4C97DC8F}"
EndProject
Global
	GlobalSection(SolutionConfigurationPlatforms) = preSolution
		Debug|Any CPU = Debug|Any CPU
		Release|Any CPU = Release|Any CPU
	EndGlobalSection
	GlobalSection(ProjectConfigurationPlatforms) = postSolution
		{02D467E9-7A57-40E8-BC6E-E5349894502E}.Debug|Any CPU.ActiveCfg = Debug|Any CPU
		{02D467E9-7A57-40E8-BC6E-E5349894502E}.Debug|Any CPU.Build.0 = Debug|Any CPU
		{02D467E9-7A57-40E8-BC6E-E5349894502E}.Release|Any CPU.ActiveCfg = Release|Any CPU
		{02D467E9-7A57-40E8-BC6E-E5349894502E}.Release|Any CPU.Build.0 = Release|Any CPU
		{0846C613-9BB1-4659-8A2E-5E1885C34EFF}.Debug|Any CPU.ActiveCfg = Debug|Any CPU
		{0846C613-9BB1-4659-8A2E-5E1885C34EFF}.Debug|Any CPU.Build.0 = Debug|Any CPU
		{0846C613-9BB1-4659-8A2E-5E1885C34EFF}.Release|Any CPU.ActiveCfg = Release|Any CPU
		{0846C613-9BB1-4659-8A2E-5E1885C34EFF}.Release|Any CPU.Build.0 = Release|Any CPU
		{0879A43A-70E3-4FFF-BF60-8C976EC6AC7B}.Debug|Any CPU.ActiveCfg = Debug|Any CPU
		{0879A43A-70E3-4FFF-BF60-8C976EC6AC7B}.Debug|Any CPU.Build.0 = Debug|Any CPU
		{0879A43A-70E3-4FFF-BF60-8C976EC6AC7B}.Release|Any CPU.ActiveCfg = Release|Any CPU
		{0879A43A-70E3-4FFF-BF60-8C976EC6AC7B}.Release|Any CPU.Build.0 = Release|Any CPU
		{F2CAD2FC-5689-4D8F-A9C3-1A2D4C97DC8F}.Debug|Any CPU.ActiveCfg = Debug|Any CPU
		{F2CAD2FC-5689-4D8F-A9C3-1A2D4C97DC8F}.Debug|Any CPU.Build.0 = Debug|Any CPU
		{F2CAD2FC-5689-4D8F-A9C3-1A2D4C97DC8F}.Release|Any CPU.ActiveCfg = Release|Any CPU
		{F2CAD2FC-5689-4D8F-A9C3-1A2D4C97DC8F}.Release|Any CPU.Build.0 = Release|Any CPU
	EndGlobalSection
	GlobalSection(SolutionProperties) = preSolution
		HideSolutionNode = FALSE
	EndGlobalSection
	GlobalSection(ExtensibilityGlobals) = postSolution
		SolutionGuid = {4545E775-4111-4DC7-8532-7D4C6C0C3520}
	EndGlobalSection
EndGlobal
